
Microsoft Visual Studio Solution File, Format Version 12.00
# Visual Studio Version 16
VisualStudioVersion = 16.0.31112.23
MinimumVisualStudioVersion = 10.0.40219.1
Project("{9A19103F-16F7-4668-BE54-9A1E7A4F7556}") = "kchat.UI", "kchat.UI\kchat.UI.csproj", "{9E4886B7-23E5-430C-8764-990EB9C77B8A}"
EndProject
Project("{9A19103F-16F7-4668-BE54-9A1E7A4F7556}") = "kchat.kafka", "kchat.kafka\kchat.kafka.csproj", "{EE9289DB-E5FF-4C37-9F01-AF0680CC7986}"
EndProject
Project("{FAE04EC0-301F-11D3-BF4B-00C04F79EFBC}") = "kchat.dbUp.migrations", "kchat.dbUp.migrations\kchat.dbUp.migrations.csproj", "{E5FDBDCA-F066-40A9-9FFC-D0AC20FC27C3}"
EndProject
Global
	GlobalSection(SolutionConfigurationPlatforms) = preSolution
		Debug|Any CPU = Debug|Any CPU
		Release|Any CPU = Release|Any CPU
	EndGlobalSection
	GlobalSection(ProjectConfigurationPlatforms) = postSolution
		{9E4886B7-23E5-430C-8764-990EB9C77B8A}.Debug|Any CPU.ActiveCfg = Debug|Any CPU
		{9E4886B7-23E5-430C-8764-990EB9C77B8A}.Debug|Any CPU.Build.0 = Debug|Any CPU
		{9E4886B7-23E5-430C-8764-990EB9C77B8A}.Release|Any CPU.ActiveCfg = Release|Any CPU
		{9E4886B7-23E5-430C-8764-990EB9C77B8A}.Release|Any CPU.Build.0 = Release|Any CPU
		{EE9289DB-E5FF-4C37-9F01-AF0680CC7986}.Debug|Any CPU.ActiveCfg = Debug|Any CPU
		{EE9289DB-E5FF-4C37-9F01-AF0680CC7986}.Debug|Any CPU.Build.0 = Debug|Any CPU
		{EE9289DB-E5FF-4C37-9F01-AF0680CC7986}.Release|Any CPU.ActiveCfg = Release|Any CPU
		{EE9289DB-E5FF-4C37-9F01-AF0680CC7986}.Release|Any CPU.Build.0 = Release|Any CPU
		{E5FDBDCA-F066-40A9-9FFC-D0AC20FC27C3}.Debug|Any CPU.ActiveCfg = Debug|Any CPU
		{E5FDBDCA-F066-40A9-9FFC-D0AC20FC27C3}.Debug|Any CPU.Build.0 = Debug|Any CPU
		{E5FDBDCA-F066-40A9-9FFC-D0AC20FC27C3}.Release|Any CPU.ActiveCfg = Release|Any CPU
		{E5FDBDCA-F066-40A9-9FFC-D0AC20FC27C3}.Release|Any CPU.Build.0 = Release|Any CPU
	EndGlobalSection
	GlobalSection(SolutionProperties) = preSolution
		HideSolutionNode = FALSE
	EndGlobalSection
	GlobalSection(ExtensibilityGlobals) = postSolution
		SolutionGuid = {B5143570-EF5F-49EF-86A2-8ED726B0FF6F}
	EndGlobalSection
EndGlobal
